<?xml version="1.0" encoding="utf-8"?>
<Project ToolsVersion="4.0" xmlns="http://schemas.microsoft.com/developer/msbuild/2003">
  <ItemGroup>
    <Filter Include="Source Files">
      <UniqueIdentifier>{4FC737F1-C7A5-4376-A066-2A32D752A2FF}</UniqueIdentifier>
      <Extensions>cpp;c;cc;cxx;def;odl;idl;hpj;bat;asm;asmx</Extensions>
    </Filter>
    <Filter Include="Header Files">
      <UniqueIdentifier>{93995380-89BD-4b04-88EB-625FBE52EBFB}</UniqueIdentifier>
      <Extensions>h;hpp;hxx;hm;inl;inc;xsd</Extensions>
    </Filter>
    <Filter Include="Resource Files">
      <UniqueIdentifier>{67DA6AB6-F800-4c08-8B7A-83BB121AAD01}</UniqueIdentifier>
      <Extensions>rc;ico;cur;bmp;dlg;rc2;rct;bin;rgs;gif;jpg;jpeg;jpe;resx;tiff;tif;png;wav;mfcribbon-ms</Extensions>
    </Filter>
    <Filter Include="Header Files\External">
      <UniqueIdentifier>{ae322ccd-b00f-43a9-a6cf-cd6b760e5bd7}</UniqueIdentifier>
    </Filter>
    <Filter Include="Source Files\External">
      <UniqueIdentifier>{565e416a-3098-4cf0-9426-8fb4d528ffb1}</UniqueIdentifier>
    </Filter>
  </ItemGroup>
  <ItemGroup>
    <ClCompile Include="HostListener.cpp">
      <Filter>Source Files</Filter>
    </ClCompile>
    <ClCompile Include="HostThread.cpp">
      <Filter>Source Files</Filter>
    </ClCompile>
    <ClCompile Include="Server.cpp">
      <Filter>Source Files</Filter>
    </ClCompile>
    <ClCompile Include="main.cpp">
      <Filter>Source Files</Filter>
    </ClCompile>
    <ClCompile Include="..\Rune\DataBuffer.cpp">
      <Filter>Source Files</Filter>
    </ClCompile>
    <ClCompile Include="..\Rune\Packet.cpp">
      <Filter>Source Files</Filter>
    </ClCompile>
    <ClCompile Include="..\Rune\AssetLoader.cpp">
      <Filter>Source Files\External</Filter>
    </ClCompile>
    <ClCompile Include="..\Rune\AssetManager.cpp">
      <Filter>Source Files\External</Filter>
    </ClCompile>
    <ClCompile Include="..\Rune\CollisionObject.cpp">
      <Filter>Source Files\External</Filter>
    </ClCompile>
    <ClCompile Include="..\Rune\Fireball.cpp">
      <Filter>Source Files\External</Filter>
    </ClCompile>
    <ClCompile Include="..\Rune\FireballProjectile.cpp">
      <Filter>Source Files\External</Filter>
    </ClCompile>
    <ClCompile Include="..\Rune\GameObject.cpp">
      <Filter>Source Files\External</Filter>
    </ClCompile>
    <ClCompile Include="..\Rune\GaussianDistributionHandler.cpp">
      <Filter>Source Files\External</Filter>
    </ClCompile>
    <ClCompile Include="..\Rune\MeshObject.cpp">
      <Filter>Source Files\External</Filter>
    </ClCompile>
    <ClCompile Include="..\Rune\Model.cpp">
      <Filter>Source Files\External</Filter>
    </ClCompile>
    <ClCompile Include="..\Rune\PhysicsObject.cpp">
      <Filter>Source Files\External</Filter>
    </ClCompile>
    <ClCompile Include="..\Rune\PropObject.cpp">
      <Filter>Source Files\External</Filter>
    </ClCompile>
    <ClCompile Include="..\Rune\RenderObject.cpp">
      <Filter>Source Files\External</Filter>
    </ClCompile>
    <ClCompile Include="..\Rune\RigidObject.cpp">
      <Filter>Source Files\External</Filter>
    </ClCompile>
    <ClCompile Include="..\Rune\Settings.cpp">
      <Filter>Source Files\External</Filter>
    </ClCompile>
    <ClCompile Include="..\Rune\Shader.cpp">
      <Filter>Source Files\External</Filter>
    </ClCompile>
    <ClCompile Include="..\Rune\Spell.cpp">
      <Filter>Source Files\External</Filter>
    </ClCompile>
    <ClCompile Include="..\Rune\Texture.cpp">
      <Filter>Source Files\External</Filter>
    </ClCompile>
    <ClCompile Include="..\Rune\Camera.cpp">
      <Filter>Source Files\External</Filter>
    </ClCompile>
    <ClCompile Include="..\Rune\NetworkFunctions.cpp">
      <Filter>Source Files\External</Filter>
    </ClCompile>
    <ClCompile Include="..\Rune\CharacterObject.cpp">
      <Filter>Source Files\External</Filter>
    </ClCompile>
    <ClCompile Include="..\Rune\PlayerObject.cpp">
      <Filter>Source Files\External</Filter>
    </ClCompile>
    <ClCompile Include="..\Rune\InputManager.cpp">
      <Filter>Source Files\External</Filter>
    </ClCompile>
    <ClCompile Include="..\Rune\Client.cpp">
      <Filter>Source Files\External</Filter>
    </ClCompile>
    <ClCompile Include="..\Rune\UDPManager.cpp">
      <Filter>Source Files\External</Filter>
    </ClCompile>
    <ClCompile Include="..\Rune\Railgun.cpp">
      <Filter>Source Files\External</Filter>
    </ClCompile>
    <ClCompile Include="..\Rune\Effect.cpp">
      <Filter>Source Files\External</Filter>
    </ClCompile>
    <ClCompile Include="..\Rune\RenderObjectEffect.cpp">
      <Filter>Source Files\External</Filter>
    </ClCompile>
    <ClCompile Include="..\Rune\BeamEffect.cpp">
      <Filter>Source Files\External</Filter>
    </ClCompile>
    <ClCompile Include="..\Rune\FadingBeamEffect.cpp">
      <Filter>Source Files\External</Filter>
    </ClCompile>
    <ClCompile Include="..\Rune\Shotgun.cpp">
      <Filter>Source Files\External</Filter>
    </ClCompile>
    <ClCompile Include="..\Rune\ClientThread.cpp">
      <Filter>Source Files\External</Filter>
    </ClCompile>
    <ClCompile Include="..\Rune\FlatHealthPickupObject.cpp">
      <Filter>Source Files\External</Filter>
    </ClCompile>
    <ClCompile Include="..\Rune\FrameBuffer.cpp">
      <Filter>Source Files\External</Filter>
    </ClCompile>
    <ClCompile Include="..\Rune\HeightFieldObject.cpp">
      <Filter>Source Files\External</Filter>
    </ClCompile>
    <ClCompile Include="..\Rune\PercentHealthPickupObject.cpp">
      <Filter>Source Files\External</Filter>
    </ClCompile>
    <ClCompile Include="..\Rune\PickupObject.cpp">
      <Filter>Source Files\External</Filter>
    </ClCompile>
    <ClCompile Include="..\Rune\Grenade.cpp">
      <Filter>Source Files\External</Filter>
    </ClCompile>
    <ClCompile Include="..\Rune\GrenadeLauncher.cpp">
      <Filter>Source Files\External</Filter>
    </ClCompile>
  </ItemGroup>
  <ItemGroup>
    <ClInclude Include="Server.h">
      <Filter>Header Files</Filter>
    </ClInclude>
    <ClInclude Include="HostListener.h">
      <Filter>Header Files</Filter>
    </ClInclude>
    <ClInclude Include="HostThread.h">
      <Filter>Header Files</Filter>
    </ClInclude>
    <ClInclude Include="..\Rune\Client.h">
      <Filter>Header Files</Filter>
    </ClInclude>
    <ClInclude Include="..\Rune\DataBuffer.h">
      <Filter>Header Files</Filter>
    </ClInclude>
    <ClInclude Include="..\Rune\Packet.h">
      <Filter>Header Files</Filter>
    </ClInclude>
    <ClInclude Include="..\Rune\Utilities.h">
      <Filter>Header Files\External</Filter>
    </ClInclude>
    <ClInclude Include="..\Rune\AirborneContactCallback.h">
      <Filter>Header Files\External</Filter>
    </ClInclude>
    <ClInclude Include="..\Rune\AirborneRayTest.h">
      <Filter>Header Files\External</Filter>
    </ClInclude>
    <ClInclude Include="..\Rune\AssetLoader.h">
      <Filter>Header Files\External</Filter>
    </ClInclude>
    <ClInclude Include="..\Rune\AssetManager.h">
      <Filter>Header Files\External</Filter>
    </ClInclude>
    <ClInclude Include="..\Rune\CollisionObject.h">
      <Filter>Header Files\External</Filter>
    </ClInclude>
    <ClInclude Include="..\Rune\ExplosionContactCallback.h">
      <Filter>Header Files\External</Filter>
    </ClInclude>
    <ClInclude Include="..\Rune\Fireball.h">
      <Filter>Header Files\External</Filter>
    </ClInclude>
    <ClInclude Include="..\Rune\FireballProjectile.h">
      <Filter>Header Files\External</Filter>
    </ClInclude>
    <ClInclude Include="..\Rune\GameObject.h">
      <Filter>Header Files\External</Filter>
    </ClInclude>
    <ClInclude Include="..\Rune\GaussianDistributionHandler.h">
      <Filter>Header Files\External</Filter>
    </ClInclude>
    <ClInclude Include="..\Rune\MeshObject.h">
      <Filter>Header Files\External</Filter>
    </ClInclude>
    <ClInclude Include="..\Rune\Model.h">
      <Filter>Header Files\External</Filter>
    </ClInclude>
    <ClInclude Include="..\Rune\PhysicsObject.h">
      <Filter>Header Files\External</Filter>
    </ClInclude>
    <ClInclude Include="..\Rune\PropObject.h">
      <Filter>Header Files\External</Filter>
    </ClInclude>
    <ClInclude Include="..\Rune\RenderObject.h">
      <Filter>Header Files\External</Filter>
    </ClInclude>
    <ClInclude Include="..\Rune\Settings.h">
      <Filter>Header Files\External</Filter>
    </ClInclude>
    <ClInclude Include="..\Rune\Shader.h">
      <Filter>Header Files\External</Filter>
    </ClInclude>
    <ClInclude Include="..\Rune\Spell.h">
      <Filter>Header Files\External</Filter>
    </ClInclude>
    <ClInclude Include="..\Rune\Texture.h">
      <Filter>Header Files\External</Filter>
    </ClInclude>
    <ClInclude Include="..\Rune\Camera.h">
      <Filter>Header Files\External</Filter>
    </ClInclude>
    <ClInclude Include="..\Rune\NetworkFunctions.h">
      <Filter>Header Files\External</Filter>
    </ClInclude>
    <ClInclude Include="..\Rune\CharacterObject.h">
      <Filter>Header Files\External</Filter>
    </ClInclude>
    <ClInclude Include="..\Rune\PlayerObject.h">
      <Filter>Header Files\External</Filter>
    </ClInclude>
    <ClInclude Include="..\Rune\InputManager.h">
      <Filter>Header Files\External</Filter>
    </ClInclude>
    <ClInclude Include="..\Rune\RigidObject.h">
      <Filter>Header Files\External</Filter>
    </ClInclude>
    <ClInclude Include="..\Rune\UDPManager.h">
      <Filter>Header Files\External</Filter>
    </ClInclude>
    <ClInclude Include="..\Rune\Railgun.h">
      <Filter>Header Files\External</Filter>
    </ClInclude>
    <ClInclude Include="..\Rune\Effect.h">
      <Filter>Header Files\External</Filter>
    </ClInclude>
    <ClInclude Include="..\Rune\RenderObjectEffect.h">
      <Filter>Header Files\External</Filter>
    </ClInclude>
    <ClInclude Include="..\Rune\BeamEffect.h">
      <Filter>Header Files\External</Filter>
    </ClInclude>
    <ClInclude Include="..\Rune\FadingBeamEffect.h">
      <Filter>Header Files\External</Filter>
    </ClInclude>
    <ClInclude Include="..\Rune\Shotgun.h">
      <Filter>Header Files\External</Filter>
    </ClInclude>
    <ClInclude Include="..\Rune\FlatHealthPickupObject.h">
      <Filter>Header Files\External</Filter>
    </ClInclude>
    <ClInclude Include="..\Rune\FullHealthKit.h">
      <Filter>Header Files\External</Filter>
    </ClInclude>
    <ClInclude Include="..\Rune\HalfHealthKit.h">
      <Filter>Header Files\External</Filter>
    </ClInclude>
    <ClInclude Include="..\Rune\PercentHealthPickupObject.h">
      <Filter>Header Files\External</Filter>
    </ClInclude>
    <ClInclude Include="..\Rune\PickupObject.h">
      <Filter>Header Files\External</Filter>
    </ClInclude>
    <ClInclude Include="..\Rune\CharacterRayTest.h">
      <Filter>Header Files\External</Filter>
    </ClInclude>
    <ClInclude Include="..\Rune\ClientThread.h">
      <Filter>Header Files\External</Filter>
    </ClInclude>
    <ClInclude Include="..\Rune\EventDeclarations.h">
      <Filter>Header Files\External</Filter>
    </ClInclude>
    <ClInclude Include="..\Rune\FrameBuffer.h">
      <Filter>Header Files\External</Filter>
    </ClInclude>
    <ClInclude Include="..\Rune\HeightFieldObject.h">
      <Filter>Header Files\External</Filter>
    </ClInclude>
    <ClInclude Include="..\Rune\KeyDeclarations.h">
      <Filter>Header Files\External</Filter>
    </ClInclude>
    <ClInclude Include="..\Rune\Grenade.h">
      <Filter>Header Files\External</Filter>
    </ClInclude>
    <ClInclude Include="..\Rune\GrenadeLauncher.h">
      <Filter>Header Files\External</Filter>
    </ClInclude>
    <ClInclude Include="..\Rune\LinkedHashMap.h">
      <Filter>Header Files\External</Filter>
    </ClInclude>
  </ItemGroup>
</Project>